
Microsoft Visual Studio Solution File, Format Version 12.00
# Visual Studio 2013
VisualStudioVersion = 12.0.31101.0
MinimumVisualStudioVersion = 10.0.40219.1
Project("{FAE04EC0-301F-11D3-BF4B-00C04F79EFBC}") = "WCF_Demo.Service", "WCF_Demo\WCF_Demo.Service.csproj", "{8F42309C-28F5-4812-9D78-A2B586DE4DB4}"
EndProject
Project("{FAE04EC0-301F-11D3-BF4B-00C04F79EFBC}") = "WCF_Demo.Dal", "WCF_Demo.Dal\WCF_Demo.Dal.csproj", "{8157A5A0-9BD7-4D61-9CFE-423A5DEFA243}"
EndProject
Project("{FAE04EC0-301F-11D3-BF4B-00C04F79EFBC}") = "WCF_Demo.Client", "WCF_Demo.Client\WCF_Demo.Client.csproj", "{36B86764-20BB-42E9-A84B-0FA46DF29C0C}"
EndProject
Global
	GlobalSection(SolutionConfigurationPlatforms) = preSolution
		Debug|Any CPU = Debug|Any CPU
		Release|Any CPU = Release|Any CPU
	EndGlobalSection
	GlobalSection(ProjectConfigurationPlatforms) = postSolution
		{8F42309C-28F5-4812-9D78-A2B586DE4DB4}.Debug|Any CPU.ActiveCfg = Debug|Any CPU
		{8F42309C-28F5-4812-9D78-A2B586DE4DB4}.Debug|Any CPU.Build.0 = Debug|Any CPU
		{8F42309C-28F5-4812-9D78-A2B586DE4DB4}.Release|Any CPU.ActiveCfg = Release|Any CPU
		{8F42309C-28F5-4812-9D78-A2B586DE4DB4}.Release|Any CPU.Build.0 = Release|Any CPU
		{8157A5A0-9BD7-4D61-9CFE-423A5DEFA243}.Debug|Any CPU.ActiveCfg = Debug|Any CPU
		{8157A5A0-9BD7-4D61-9CFE-423A5DEFA243}.Debug|Any CPU.Build.0 = Debug|Any CPU
		{8157A5A0-9BD7-4D61-9CFE-423A5DEFA243}.Release|Any CPU.ActiveCfg = Release|Any CPU
		{8157A5A0-9BD7-4D61-9CFE-423A5DEFA243}.Release|Any CPU.Build.0 = Release|Any CPU
		{36B86764-20BB-42E9-A84B-0FA46DF29C0C}.Debug|Any CPU.ActiveCfg = Debug|Any CPU
		{36B86764-20BB-42E9-A84B-0FA46DF29C0C}.Debug|Any CPU.Build.0 = Debug|Any CPU
		{36B86764-20BB-42E9-A84B-0FA46DF29C0C}.Release|Any CPU.ActiveCfg = Release|Any CPU
		{36B86764-20BB-42E9-A84B-0FA46DF29C0C}.Release|Any CPU.Build.0 = Release|Any CPU
	EndGlobalSection
	GlobalSection(SolutionProperties) = preSolution
		HideSolutionNode = FALSE
	EndGlobalSection
EndGlobal
